
Microsoft Visual Studio Solution File, Format Version 12.00
# Visual Studio Version 16
VisualStudioVersion = 16.0.30517.126
MinimumVisualStudioVersion = 10.0.40219.1
Project("{9A19103F-16F7-4668-BE54-9A1E7A4F7556}") = "DongulerOdev", "kodlamaio\DongulerOdev.csproj", "{CC881B25-3D6A-4E6A-B47C-40ACEC8114BE}"
EndProject
Project("{9A19103F-16F7-4668-BE54-9A1E7A4F7556}") = "Metotlar", "Metotlar\Metotlar.csproj", "{688EB273-6F25-4665-963F-DFF09025445D}"
EndProject
Project("{9A19103F-16F7-4668-BE54-9A1E7A4F7556}") = "Matematik", "Matematik\Matematik.csproj", "{8684F425-9AB3-4508-B267-26ACF89EA31B}"
EndProject
Project("{9A19103F-16F7-4668-BE54-9A1E7A4F7556}") = "DegerVeReferansTipler", "DegerVeReferansTipler\DegerVeReferansTipler.csproj", "{5285FD44-81B9-4F40-8F38-F1A59C23831B}"
EndProject
Project("{9A19103F-16F7-4668-BE54-9A1E7A4F7556}") = "MetodOdeviRefOut", "MetodOdeviRefOut\MetodOdeviRefOut.csproj", "{C1611648-ED1E-449B-BE5A-015B4F2242B2}"
EndProject
Project("{9A19103F-16F7-4668-BE54-9A1E7A4F7556}") = "ClassMethodDemo", "ClassMethodDemo\ClassMethodDemo.csproj", "{7775FE7B-86D2-459C-BE82-131F2C0F5A92}"
EndProject
Project("{FAE04EC0-301F-11D3-BF4B-00C04F79EFBC}") = "OOP1", "OOP1\OOP1.csproj", "{E916C408-F824-4DB4-8B23-7BD31645CA55}"
EndProject
Project("{FAE04EC0-301F-11D3-BF4B-00C04F79EFBC}") = "Koleksiyonlar", "Koleksiyonlar\Koleksiyonlar.csproj", "{C7C705DC-63D6-4B43-875E-69DB92BA20EF}"
EndProject
Project("{FAE04EC0-301F-11D3-BF4B-00C04F79EFBC}") = "GenericsIntro", "GenericsIntro\GenericsIntro.csproj", "{46F020F6-209C-4285-943D-5EF580D77BA1}"
EndProject
Global
	GlobalSection(SolutionConfigurationPlatforms) = preSolution
		Debug|Any CPU = Debug|Any CPU
		Release|Any CPU = Release|Any CPU
	EndGlobalSection
	GlobalSection(ProjectConfigurationPlatforms) = postSolution
		{CC881B25-3D6A-4E6A-B47C-40ACEC8114BE}.Debug|Any CPU.ActiveCfg = Debug|Any CPU
		{CC881B25-3D6A-4E6A-B47C-40ACEC8114BE}.Debug|Any CPU.Build.0 = Debug|Any CPU
		{CC881B25-3D6A-4E6A-B47C-40ACEC8114BE}.Release|Any CPU.ActiveCfg = Release|Any CPU
		{CC881B25-3D6A-4E6A-B47C-40ACEC8114BE}.Release|Any CPU.Build.0 = Release|Any CPU
		{688EB273-6F25-4665-963F-DFF09025445D}.Debug|Any CPU.ActiveCfg = Debug|Any CPU
		{688EB273-6F25-4665-963F-DFF09025445D}.Debug|Any CPU.Build.0 = Debug|Any CPU
		{688EB273-6F25-4665-963F-DFF09025445D}.Release|Any CPU.ActiveCfg = Release|Any CPU
		{688EB273-6F25-4665-963F-DFF09025445D}.Release|Any CPU.Build.0 = Release|Any CPU
		{8684F425-9AB3-4508-B267-26ACF89EA31B}.Debug|Any CPU.ActiveCfg = Debug|Any CPU
		{8684F425-9AB3-4508-B267-26ACF89EA31B}.Debug|Any CPU.Build.0 = Debug|Any CPU
		{8684F425-9AB3-4508-B267-26ACF89EA31B}.Release|Any CPU.ActiveCfg = Release|Any CPU
		{8684F425-9AB3-4508-B267-26ACF89EA31B}.Release|Any CPU.Build.0 = Release|Any CPU
		{5285FD44-81B9-4F40-8F38-F1A59C23831B}.Debug|Any CPU.ActiveCfg = Debug|Any CPU
		{5285FD44-81B9-4F40-8F38-F1A59C23831B}.Debug|Any CPU.Build.0 = Debug|Any CPU
		{5285FD44-81B9-4F40-8F38-F1A59C23831B}.Release|Any CPU.ActiveCfg = Release|Any CPU
		{5285FD44-81B9-4F40-8F38-F1A59C23831B}.Release|Any CPU.Build.0 = Release|Any CPU
		{C1611648-ED1E-449B-BE5A-015B4F2242B2}.Debug|Any CPU.ActiveCfg = Debug|Any CPU
		{C1611648-ED1E-449B-BE5A-015B4F2242B2}.Debug|Any CPU.Build.0 = Debug|Any CPU
		{C1611648-ED1E-449B-BE5A-015B4F2242B2}.Release|Any CPU.ActiveCfg = Release|Any CPU
		{C1611648-ED1E-449B-BE5A-015B4F2242B2}.Release|Any CPU.Build.0 = Release|Any CPU
		{7775FE7B-86D2-459C-BE82-131F2C0F5A92}.Debug|Any CPU.ActiveCfg = Debug|Any CPU
		{7775FE7B-86D2-459C-BE82-131F2C0F5A92}.Debug|Any CPU.Build.0 = Debug|Any CPU
		{7775FE7B-86D2-459C-BE82-131F2C0F5A92}.Release|Any CPU.ActiveCfg = Release|Any CPU
		{7775FE7B-86D2-459C-BE82-131F2C0F5A92}.Release|Any CPU.Build.0 = Release|Any CPU
		{E916C408-F824-4DB4-8B23-7BD31645CA55}.Debug|Any CPU.ActiveCfg = Debug|Any CPU
		{E916C408-F824-4DB4-8B23-7BD31645CA55}.Debug|Any CPU.Build.0 = Debug|Any CPU
		{E916C408-F824-4DB4-8B23-7BD31645CA55}.Release|Any CPU.ActiveCfg = Release|Any CPU
		{E916C408-F824-4DB4-8B23-7BD31645CA55}.Release|Any CPU.Build.0 = Release|Any CPU
		{C7C705DC-63D6-4B43-875E-69DB92BA20EF}.Debug|Any CPU.ActiveCfg = Debug|Any CPU
		{C7C705DC-63D6-4B43-875E-69DB92BA20EF}.Debug|Any CPU.Build.0 = Debug|Any CPU
		{C7C705DC-63D6-4B43-875E-69DB92BA20EF}.Release|Any CPU.ActiveCfg = Release|Any CPU
		{C7C705DC-63D6-4B43-875E-69DB92BA20EF}.Release|Any CPU.Build.0 = Release|Any CPU
		{46F020F6-209C-4285-943D-5EF580D77BA1}.Debug|Any CPU.ActiveCfg = Debug|Any CPU
		{46F020F6-209C-4285-943D-5EF580D77BA1}.Debug|Any CPU.Build.0 = Debug|Any CPU
		{46F020F6-209C-4285-943D-5EF580D77BA1}.Release|Any CPU.ActiveCfg = Release|Any CPU
		{46F020F6-209C-4285-943D-5EF580D77BA1}.Release|Any CPU.Build.0 = Release|Any CPU
	EndGlobalSection
	GlobalSection(SolutionProperties) = preSolution
		HideSolutionNode = FALSE
	EndGlobalSection
	GlobalSection(ExtensibilityGlobals) = postSolution
		SolutionGuid = {8D7F61B0-C9AD-4BDC-A8DE-D413443AFC10}
	EndGlobalSection
EndGlobal
